
Microsoft Visual Studio Solution File, Format Version 12.00
# Visual Studio Version 16
VisualStudioVersion = 16.0.30225.117
MinimumVisualStudioVersion = 10.0.40219.1
Project("{FAE04EC0-301F-11D3-BF4B-00C04F79EFBC}") = "ShabbatClockHaCham", "ShabbatClockHaCham.csproj", "{8B354F4A-09E4-4000-A3A3-76C90D03A0DF}"
EndProject
Global
	GlobalSection(SolutionConfigurationPlatforms) = preSolution
		Debug|Any CPU = Debug|Any CPU
		Release|Any CPU = Release|Any CPU
	EndGlobalSection
	GlobalSection(ProjectConfigurationPlatforms) = postSolution
		{8B354F4A-09E4-4000-A3A3-76C90D03A0DF}.Debug|Any CPU.ActiveCfg = Debug|Any CPU
		{8B354F4A-09E4-4000-A3A3-76C90D03A0DF}.Debug|Any CPU.Build.0 = Debug|Any CPU
		{8B354F4A-09E4-4000-A3A3-76C90D03A0DF}.Release|Any CPU.ActiveCfg = Release|Any CPU
		{8B354F4A-09E4-4000-A3A3-76C90D03A0DF}.Release|Any CPU.Build.0 = Release|Any CPU
	EndGlobalSection
	GlobalSection(SolutionProperties) = preSolution
		HideSolutionNode = FALSE
	EndGlobalSection
	GlobalSection(ExtensibilityGlobals) = postSolution
		SolutionGuid = {E221EF60-D2DA-416C-A7CD-6C0C46EF3ABA}
	EndGlobalSection
EndGlobal
